
Microsoft Visual Studio Solution File, Format Version 12.00
# Visual Studio Version 16
VisualStudioVersion = 16.0.29424.173
MinimumVisualStudioVersion = 10.0.40219.1
Project("{9A19103F-16F7-4668-BE54-9A1E7A4F7556}") = "AuthService", "AuthService\AuthService.csproj", "{DEDC9A88-ADAC-468D-9375-7FA7257A1DF2}"
EndProject
Project("{9A19103F-16F7-4668-BE54-9A1E7A4F7556}") = "AuthService.Api", "AuthService.Api\AuthService.Api.csproj", "{66633F50-2A53-417F-8610-67AB9F5E2110}"
EndProject
Project("{9A19103F-16F7-4668-BE54-9A1E7A4F7556}") = "AnimalDistributorService", "AnimalDistributorService\AnimalDistributorService.csproj", "{4EECA2BA-2358-4591-9E71-8E8189CB72ED}"
EndProject
Project("{9A19103F-16F7-4668-BE54-9A1E7A4F7556}") = "AnimalDistributorService.Api", "AnimalDistributorService.Api\AnimalDistributorService.Api.csproj", "{6C0D84F9-2354-4552-B4B4-D5DDC7FD526C}"
EndProject
Project("{9A19103F-16F7-4668-BE54-9A1E7A4F7556}") = "AnimalSearchService", "AnimalSearchService\AnimalSearchService.csproj", "{FF9300F4-7256-432E-AF4E-7CDC3ECD7723}"
EndProject
Project("{9A19103F-16F7-4668-BE54-9A1E7A4F7556}") = "Contract", "Contract\Contract.csproj", "{E21B5E62-7A48-4987-B281-52EFD751D720}"
EndProject
Project("{9A19103F-16F7-4668-BE54-9A1E7A4F7556}") = "ApiGateway", "ApiGateway\ApiGateway.csproj", "{975E90BD-3043-4DA0-B61D-08C17A96EDD7}"
EndProject
Project("{FAE04EC0-301F-11D3-BF4B-00C04F79EFBC}") = "ComputerVisionService", "ComputerVisionService\ComputerVisionService.csproj", "{0A924888-CB45-4BE3-8888-B5A8B1359706}"
EndProject
Global
	GlobalSection(SolutionConfigurationPlatforms) = preSolution
		Debug|Any CPU = Debug|Any CPU
		Release|Any CPU = Release|Any CPU
	EndGlobalSection
	GlobalSection(ProjectConfigurationPlatforms) = postSolution
		{DEDC9A88-ADAC-468D-9375-7FA7257A1DF2}.Debug|Any CPU.ActiveCfg = Debug|Any CPU
		{DEDC9A88-ADAC-468D-9375-7FA7257A1DF2}.Debug|Any CPU.Build.0 = Debug|Any CPU
		{DEDC9A88-ADAC-468D-9375-7FA7257A1DF2}.Release|Any CPU.ActiveCfg = Release|Any CPU
		{DEDC9A88-ADAC-468D-9375-7FA7257A1DF2}.Release|Any CPU.Build.0 = Release|Any CPU
		{66633F50-2A53-417F-8610-67AB9F5E2110}.Debug|Any CPU.ActiveCfg = Debug|Any CPU
		{66633F50-2A53-417F-8610-67AB9F5E2110}.Debug|Any CPU.Build.0 = Debug|Any CPU
		{66633F50-2A53-417F-8610-67AB9F5E2110}.Release|Any CPU.ActiveCfg = Release|Any CPU
		{66633F50-2A53-417F-8610-67AB9F5E2110}.Release|Any CPU.Build.0 = Release|Any CPU
		{4EECA2BA-2358-4591-9E71-8E8189CB72ED}.Debug|Any CPU.ActiveCfg = Debug|Any CPU
		{4EECA2BA-2358-4591-9E71-8E8189CB72ED}.Debug|Any CPU.Build.0 = Debug|Any CPU
		{4EECA2BA-2358-4591-9E71-8E8189CB72ED}.Release|Any CPU.ActiveCfg = Release|Any CPU
		{4EECA2BA-2358-4591-9E71-8E8189CB72ED}.Release|Any CPU.Build.0 = Release|Any CPU
		{6C0D84F9-2354-4552-B4B4-D5DDC7FD526C}.Debug|Any CPU.ActiveCfg = Debug|Any CPU
		{6C0D84F9-2354-4552-B4B4-D5DDC7FD526C}.Debug|Any CPU.Build.0 = Debug|Any CPU
		{6C0D84F9-2354-4552-B4B4-D5DDC7FD526C}.Release|Any CPU.ActiveCfg = Release|Any CPU
		{6C0D84F9-2354-4552-B4B4-D5DDC7FD526C}.Release|Any CPU.Build.0 = Release|Any CPU
		{FF9300F4-7256-432E-AF4E-7CDC3ECD7723}.Debug|Any CPU.ActiveCfg = Debug|Any CPU
		{FF9300F4-7256-432E-AF4E-7CDC3ECD7723}.Debug|Any CPU.Build.0 = Debug|Any CPU
		{FF9300F4-7256-432E-AF4E-7CDC3ECD7723}.Release|Any CPU.ActiveCfg = Release|Any CPU
		{FF9300F4-7256-432E-AF4E-7CDC3ECD7723}.Release|Any CPU.Build.0 = Release|Any CPU
		{E21B5E62-7A48-4987-B281-52EFD751D720}.Debug|Any CPU.ActiveCfg = Debug|Any CPU
		{E21B5E62-7A48-4987-B281-52EFD751D720}.Debug|Any CPU.Build.0 = Debug|Any CPU
		{E21B5E62-7A48-4987-B281-52EFD751D720}.Release|Any CPU.ActiveCfg = Release|Any CPU
		{E21B5E62-7A48-4987-B281-52EFD751D720}.Release|Any CPU.Build.0 = Release|Any CPU
		{975E90BD-3043-4DA0-B61D-08C17A96EDD7}.Debug|Any CPU.ActiveCfg = Debug|Any CPU
		{975E90BD-3043-4DA0-B61D-08C17A96EDD7}.Debug|Any CPU.Build.0 = Debug|Any CPU
		{975E90BD-3043-4DA0-B61D-08C17A96EDD7}.Release|Any CPU.ActiveCfg = Release|Any CPU
		{975E90BD-3043-4DA0-B61D-08C17A96EDD7}.Release|Any CPU.Build.0 = Release|Any CPU
		{0A924888-CB45-4BE3-8888-B5A8B1359706}.Debug|Any CPU.ActiveCfg = Debug|Any CPU
		{0A924888-CB45-4BE3-8888-B5A8B1359706}.Debug|Any CPU.Build.0 = Debug|Any CPU
		{0A924888-CB45-4BE3-8888-B5A8B1359706}.Release|Any CPU.ActiveCfg = Release|Any CPU
		{0A924888-CB45-4BE3-8888-B5A8B1359706}.Release|Any CPU.Build.0 = Release|Any CPU
	EndGlobalSection
	GlobalSection(SolutionProperties) = preSolution
		HideSolutionNode = FALSE
	EndGlobalSection
	GlobalSection(ExtensibilityGlobals) = postSolution
		SolutionGuid = {41217EDE-386D-46E6-8F84-162643A29B6B}
	EndGlobalSection
EndGlobal
